// !$*UTF8*$!
{
	archiveVersion = 1;
	classes = {
	};
	objectVersion = 46;
	objects = {

/* Begin PBXBuildFile section */
		F965A5D51B79849C0044B795 /* main.m in Sources */ = {isa = PBXBuildFile; fileRef = F965A5D41B79849C0044B795 /* main.m */; };
		F965A5D81B79849C0044B795 /* AppDelegate.m in Sources */ = {isa = PBXBuildFile; fileRef = F965A5D71B79849C0044B795 /* AppDelegate.m */; };
		F965A5DB1B79849C0044B795 /* ViewController.m in Sources */ = {isa = PBXBuildFile; fileRef = F965A5DA1B79849C0044B795 /* ViewController.m */; };
		F965A5DE1B79849C0044B795 /* Main.storyboard in Resources */ = {isa = PBXBuildFile; fileRef = F965A5DC1B79849C0044B795 /* Main.storyboard */; };
		F965A5E01B79849C0044B795 /* Images.xcassets in Resources */ = {isa = PBXBuildFile; fileRef = F965A5DF1B79849C0044B795 /* Images.xcassets */; };
		F965A5E31B79849C0044B795 /* LaunchScreen.xib in Resources */ = {isa = PBXBuildFile; fileRef = F965A5E11B79849C0044B795 /* LaunchScreen.xib */; };
		F965A5EF1B79849C0044B795 /* NIAttributedLabelTests.m in Sources */ = {isa = PBXBuildFile; fileRef = F965A5EE1B79849C0044B795 /* NIAttributedLabelTests.m */; };
		F965A6351B7984E10044B795 /* NIAttributedLabel.m in Sources */ = {isa = PBXBuildFile; fileRef = F965A5FB1B7984E10044B795 /* NIAttributedLabel.m */; };
		F965A6361B7984E10044B795 /* NSMutableAttributedString+NimbusAttributedLabel.m in Sources */ = {isa = PBXBuildFile; fileRef = F965A5FE1B7984E10044B795 /* NSMutableAttributedString+NimbusAttributedLabel.m */; };
		F965A6371B7984E10044B795 /* NIBadgeView.m in Sources */ = {isa = PBXBuildFile; fileRef = F965A6011B7984E10044B795 /* NIBadgeView.m */; };
		F965A6381B7984E10044B795 /* NIActions.m in Sources */ = {isa = PBXBuildFile; fileRef = F965A6061B7984E10044B795 /* NIActions.m */; };
		F965A6391B7984E10044B795 /* NIButtonUtilities.m in Sources */ = {isa = PBXBuildFile; fileRef = F965A6081B7984E10044B795 /* NIButtonUtilities.m */; };
		F965A63A1B7984E10044B795 /* NICommonMetrics.m in Sources */ = {isa = PBXBuildFile; fileRef = F965A60A1B7984E10044B795 /* NICommonMetrics.m */; };
		F965A63B1B7984E10044B795 /* NIDataStructures.m in Sources */ = {isa = PBXBuildFile; fileRef = F965A60C1B7984E10044B795 /* NIDataStructures.m */; };
		F965A63C1B7984E10044B795 /* NIDebuggingTools.m in Sources */ = {isa = PBXBuildFile; fileRef = F965A60E1B7984E10044B795 /* NIDebuggingTools.m */; };
		F965A63D1B7984E10044B795 /* NIDeviceOrientation.m in Sources */ = {isa = PBXBuildFile; fileRef = F965A6101B7984E10044B795 /* NIDeviceOrientation.m */; };
		F965A63E1B7984E10044B795 /* NIError.m in Sources */ = {isa = PBXBuildFile; fileRef = F965A6121B7984E10044B795 /* NIError.m */; };
		F965A63F1B7984E10044B795 /* NIFoundationMethods.m in Sources */ = {isa = PBXBuildFile; fileRef = F965A6141B7984E10044B795 /* NIFoundationMethods.m */; };
		F965A6401B7984E10044B795 /* NIImageUtilities.m in Sources */ = {isa = PBXBuildFile; fileRef = F965A6161B7984E10044B795 /* NIImageUtilities.m */; };
		F965A6411B7984E10044B795 /* NIInMemoryCache.m in Sources */ = {isa = PBXBuildFile; fileRef = F965A6181B7984E10044B795 /* NIInMemoryCache.m */; };
		F965A6421B7984E10044B795 /* NINavigationAppearance.m in Sources */ = {isa = PBXBuildFile; fileRef = F965A61C1B7984E10044B795 /* NINavigationAppearance.m */; };
		F965A6431B7984E10044B795 /* NINetworkActivity.m in Sources */ = {isa = PBXBuildFile; fileRef = F965A61E1B7984E10044B795 /* NINetworkActivity.m */; };
		F965A6441B7984E10044B795 /* NINonEmptyCollectionTesting.m in Sources */ = {isa = PBXBuildFile; fileRef = F965A6201B7984E10044B795 /* NINonEmptyCollectionTesting.m */; };
		F965A6451B7984E10044B795 /* NINonRetainingCollections.m in Sources */ = {isa = PBXBuildFile; fileRef = F965A6221B7984E10044B795 /* NINonRetainingCollections.m */; };
		F965A6461B7984E10044B795 /* NIOperations.m in Sources */ = {isa = PBXBuildFile; fileRef = F965A6251B7984E10044B795 /* NIOperations.m */; };
		F965A6471B7984E10044B795 /* NIPaths.m in Sources */ = {isa = PBXBuildFile; fileRef = F965A6271B7984E10044B795 /* NIPaths.m */; };
		F965A6481B7984E10044B795 /* NIRuntimeClassModifications.m in Sources */ = {isa = PBXBuildFile; fileRef = F965A62A1B7984E10044B795 /* NIRuntimeClassModifications.m */; };
		F965A6491B7984E10044B795 /* NISDKAvailability.m in Sources */ = {isa = PBXBuildFile; fileRef = F965A62C1B7984E10044B795 /* NISDKAvailability.m */; };
		F965A64A1B7984E10044B795 /* NISnapshotRotation.m in Sources */ = {isa = PBXBuildFile; fileRef = F965A62E1B7984E10044B795 /* NISnapshotRotation.m */; };
		F965A64B1B7984E10044B795 /* NIState.m in Sources */ = {isa = PBXBuildFile; fileRef = F965A6301B7984E10044B795 /* NIState.m */; };
		F965A64C1B7984E10044B795 /* NIViewRecycler.m in Sources */ = {isa = PBXBuildFile; fileRef = F965A6321B7984E10044B795 /* NIViewRecycler.m */; };
		F965A64D1B7984E10044B795 /* UIResponder+NimbusCore.m in Sources */ = {isa = PBXBuildFile; fileRef = F965A6341B7984E10044B795 /* UIResponder+NimbusCore.m */; };
/* End PBXBuildFile section */

/* Begin PBXContainerItemProxy section */
		F965A5E91B79849C0044B795 /* PBXContainerItemProxy */ = {
			isa = PBXContainerItemProxy;
			containerPortal = F965A5C71B79849C0044B795 /* Project object */;
			proxyType = 1;
			remoteGlobalIDString = F965A5CE1B79849C0044B795;
			remoteInfo = NIAttributedLabel;
		};
/* End PBXContainerItemProxy section */

/* Begin PBXFileReference section */
		F965A5CF1B79849C0044B795 /* NIAttributedLabel.app */ = {isa = PBXFileReference; explicitFileType = wrapper.application; includeInIndex = 0; path = NIAttributedLabel.app; sourceTree = BUILT_PRODUCTS_DIR; };
		F965A5D31B79849C0044B795 /* Info.plist */ = {isa = PBXFileReference; lastKnownFileType = text.plist.xml; path = Info.plist; sourceTree = "<group>"; };
		F965A5D41B79849C0044B795 /* main.m */ = {isa = PBXFileReference; lastKnownFileType = sourcecode.c.objc; path = main.m; sourceTree = "<group>"; };
		F965A5D61B79849C0044B795 /* AppDelegate.h */ = {isa = PBXFileReference; lastKnownFileType = sourcecode.c.h; path = AppDelegate.h; sourceTree = "<group>"; };
		F965A5D71B79849C0044B795 /* AppDelegate.m */ = {isa = PBXFileReference; lastKnownFileType = sourcecode.c.objc; path = AppDelegate.m; sourceTree = "<group>"; };
		F965A5D91B79849C0044B795 /* ViewController.h */ = {isa = PBXFileReference; lastKnownFileType = sourcecode.c.h; path = ViewController.h; sourceTree = "<group>"; };
		F965A5DA1B79849C0044B795 /* ViewController.m */ = {isa = PBXFileReference; lastKnownFileType = sourcecode.c.objc; path = ViewController.m; sourceTree = "<group>"; };
		F965A5DD1B79849C0044B795 /* Base */ = {isa = PBXFileReference; lastKnownFileType = file.storyboard; name = Base; path = Base.lproj/Main.storyboard; sourceTree = "<group>"; };
		F965A5DF1B79849C0044B795 /* Images.xcassets */ = {isa = PBXFileReference; lastKnownFileType = folder.assetcatalog; path = Images.xcassets; sourceTree = "<group>"; };
		F965A5E21B79849C0044B795 /* Base */ = {isa = PBXFileReference; lastKnownFileType = file.xib; name = Base; path = Base.lproj/LaunchScreen.xib; sourceTree = "<group>"; };
		F965A5E81B79849C0044B795 /* NIAttributedLabelTests.xctest */ = {isa = PBXFileReference; explicitFileType = wrapper.cfbundle; includeInIndex = 0; path = NIAttributedLabelTests.xctest; sourceTree = BUILT_PRODUCTS_DIR; };
		F965A5ED1B79849C0044B795 /* Info.plist */ = {isa = PBXFileReference; lastKnownFileType = text.plist.xml; path = Info.plist; sourceTree = "<group>"; };
		F965A5EE1B79849C0044B795 /* NIAttributedLabelTests.m */ = {isa = PBXFileReference; lastKnownFileType = sourcecode.c.objc; path = NIAttributedLabelTests.m; sourceTree = "<group>"; };
		F965A5FA1B7984E10044B795 /* NIAttributedLabel.h */ = {isa = PBXFileReference; fileEncoding = 4; lastKnownFileType = sourcecode.c.h; path = NIAttributedLabel.h; sourceTree = "<group>"; };
		F965A5FB1B7984E10044B795 /* NIAttributedLabel.m */ = {isa = PBXFileReference; fileEncoding = 4; lastKnownFileType = sourcecode.c.objc; path = NIAttributedLabel.m; sourceTree = "<group>"; };
		F965A5FC1B7984E10044B795 /* NimbusAttributedLabel.h */ = {isa = PBXFileReference; fileEncoding = 4; lastKnownFileType = sourcecode.c.h; path = NimbusAttributedLabel.h; sourceTree = "<group>"; };
		F965A5FD1B7984E10044B795 /* NSMutableAttributedString+NimbusAttributedLabel.h */ = {isa = PBXFileReference; fileEncoding = 4; lastKnownFileType = sourcecode.c.h; path = "NSMutableAttributedString+NimbusAttributedLabel.h"; sourceTree = "<group>"; };
		F965A5FE1B7984E10044B795 /* NSMutableAttributedString+NimbusAttributedLabel.m */ = {isa = PBXFileReference; fileEncoding = 4; lastKnownFileType = sourcecode.c.objc; path = "NSMutableAttributedString+NimbusAttributedLabel.m"; sourceTree = "<group>"; };
		F965A6001B7984E10044B795 /* NIBadgeView.h */ = {isa = PBXFileReference; fileEncoding = 4; lastKnownFileType = sourcecode.c.h; path = NIBadgeView.h; sourceTree = "<group>"; };
		F965A6011B7984E10044B795 /* NIBadgeView.m */ = {isa = PBXFileReference; fileEncoding = 4; lastKnownFileType = sourcecode.c.objc; path = NIBadgeView.m; sourceTree = "<group>"; };
		F965A6021B7984E10044B795 /* NimbusBadge.h */ = {isa = PBXFileReference; fileEncoding = 4; lastKnownFileType = sourcecode.c.h; path = NimbusBadge.h; sourceTree = "<group>"; };
		F965A6041B7984E10044B795 /* NIActions+Subclassing.h */ = {isa = PBXFileReference; fileEncoding = 4; lastKnownFileType = sourcecode.c.h; path = "NIActions+Subclassing.h"; sourceTree = "<group>"; };
		F965A6051B7984E10044B795 /* NIActions.h */ = {isa = PBXFileReference; fileEncoding = 4; lastKnownFileType = sourcecode.c.h; path = NIActions.h; sourceTree = "<group>"; };
		F965A6061B7984E10044B795 /* NIActions.m */ = {isa = PBXFileReference; fileEncoding = 4; lastKnownFileType = sourcecode.c.objc; path = NIActions.m; sourceTree = "<group>"; };
		F965A6071B7984E10044B795 /* NIButtonUtilities.h */ = {isa = PBXFileReference; fileEncoding = 4; lastKnownFileType = sourcecode.c.h; path = NIButtonUtilities.h; sourceTree = "<group>"; };
		F965A6081B7984E10044B795 /* NIButtonUtilities.m */ = {isa = PBXFileReference; fileEncoding = 4; lastKnownFileType = sourcecode.c.objc; path = NIButtonUtilities.m; sourceTree = "<group>"; };
		F965A6091B7984E10044B795 /* NICommonMetrics.h */ = {isa = PBXFileReference; fileEncoding = 4; lastKnownFileType = sourcecode.c.h; path = NICommonMetrics.h; sourceTree = "<group>"; };
		F965A60A1B7984E10044B795 /* NICommonMetrics.m */ = {isa = PBXFileReference; fileEncoding = 4; lastKnownFileType = sourcecode.c.objc; path = NICommonMetrics.m; sourceTree = "<group>"; };
		F965A60B1B7984E10044B795 /* NIDataStructures.h */ = {isa = PBXFileReference; fileEncoding = 4; lastKnownFileType = sourcecode.c.h; path = NIDataStructures.h; sourceTree = "<group>"; };
		F965A60C1B7984E10044B795 /* NIDataStructures.m */ = {isa = PBXFileReference; fileEncoding = 4; lastKnownFileType = sourcecode.c.objc; path = NIDataStructures.m; sourceTree = "<group>"; };
		F965A60D1B7984E10044B795 /* NIDebuggingTools.h */ = {isa = PBXFileReference; fileEncoding = 4; lastKnownFileType = sourcecode.c.h; path = NIDebuggingTools.h; sourceTree = "<group>"; };
		F965A60E1B7984E10044B795 /* NIDebuggingTools.m */ = {isa = PBXFileReference; fileEncoding = 4; lastKnownFileType = sourcecode.c.objc; path = NIDebuggingTools.m; sourceTree = "<group>"; };
		F965A60F1B7984E10044B795 /* NIDeviceOrientation.h */ = {isa = PBXFileReference; fileEncoding = 4; lastKnownFileType = sourcecode.c.h; path = NIDeviceOrientation.h; sourceTree = "<group>"; };
		F965A6101B7984E10044B795 /* NIDeviceOrientation.m */ = {isa = PBXFileReference; fileEncoding = 4; lastKnownFileType = sourcecode.c.objc; path = NIDeviceOrientation.m; sourceTree = "<group>"; };
		F965A6111B7984E10044B795 /* NIError.h */ = {isa = PBXFileReference; fileEncoding = 4; lastKnownFileType = sourcecode.c.h; path = NIError.h; sourceTree = "<group>"; };
		F965A6121B7984E10044B795 /* NIError.m */ = {isa = PBXFileReference; fileEncoding = 4; lastKnownFileType = sourcecode.c.objc; path = NIError.m; sourceTree = "<group>"; };
		F965A6131B7984E10044B795 /* NIFoundationMethods.h */ = {isa = PBXFileReference; fileEncoding = 4; lastKnownFileType = sourcecode.c.h; path = NIFoundationMethods.h; sourceTree = "<group>"; };
		F965A6141B7984E10044B795 /* NIFoundationMethods.m */ = {isa = PBXFileReference; fileEncoding = 4; lastKnownFileType = sourcecode.c.objc; path = NIFoundationMethods.m; sourceTree = "<group>"; };
		F965A6151B7984E10044B795 /* NIImageUtilities.h */ = {isa = PBXFileReference; fileEncoding = 4; lastKnownFileType = sourcecode.c.h; path = NIImageUtilities.h; sourceTree = "<group>"; };
		F965A6161B7984E10044B795 /* NIImageUtilities.m */ = {isa = PBXFileReference; fileEncoding = 4; lastKnownFileType = sourcecode.c.objc; path = NIImageUtilities.m; sourceTree = "<group>"; };
		F965A6171B7984E10044B795 /* NIInMemoryCache.h */ = {isa = PBXFileReference; fileEncoding = 4; lastKnownFileType = sourcecode.c.h; path = NIInMemoryCache.h; sourceTree = "<group>"; };
		F965A6181B7984E10044B795 /* NIInMemoryCache.m */ = {isa = PBXFileReference; fileEncoding = 4; lastKnownFileType = sourcecode.c.objc; path = NIInMemoryCache.m; sourceTree = "<group>"; };
		F965A6191B7984E10044B795 /* NimbusCore+Additions.h */ = {isa = PBXFileReference; fileEncoding = 4; lastKnownFileType = sourcecode.c.h; path = "NimbusCore+Additions.h"; sourceTree = "<group>"; };
		F965A61A1B7984E10044B795 /* NimbusCore.h */ = {isa = PBXFileReference; fileEncoding = 4; lastKnownFileType = sourcecode.c.h; path = NimbusCore.h; sourceTree = "<group>"; };
		F965A61B1B7984E10044B795 /* NINavigationAppearance.h */ = {isa = PBXFileReference; fileEncoding = 4; lastKnownFileType = sourcecode.c.h; path = NINavigationAppearance.h; sourceTree = "<group>"; };
		F965A61C1B7984E10044B795 /* NINavigationAppearance.m */ = {isa = PBXFileReference; fileEncoding = 4; lastKnownFileType = sourcecode.c.objc; path = NINavigationAppearance.m; sourceTree = "<group>"; };
		F965A61D1B7984E10044B795 /* NINetworkActivity.h */ = {isa = PBXFileReference; fileEncoding = 4; lastKnownFileType = sourcecode.c.h; path = NINetworkActivity.h; sourceTree = "<group>"; };
		F965A61E1B7984E10044B795 /* NINetworkActivity.m */ = {isa = PBXFileReference; fileEncoding = 4; lastKnownFileType = sourcecode.c.objc; path = NINetworkActivity.m; sourceTree = "<group>"; };
		F965A61F1B7984E10044B795 /* NINonEmptyCollectionTesting.h */ = {isa = PBXFileReference; fileEncoding = 4; lastKnownFileType = sourcecode.c.h; path = NINonEmptyCollectionTesting.h; sourceTree = "<group>"; };
		F965A6201B7984E10044B795 /* NINonEmptyCollectionTesting.m */ = {isa = PBXFileReference; fileEncoding = 4; lastKnownFileType = sourcecode.c.objc; path = NINonEmptyCollectionTesting.m; sourceTree = "<group>"; };
		F965A6211B7984E10044B795 /* NINonRetainingCollections.h */ = {isa = PBXFileReference; fileEncoding = 4; lastKnownFileType = sourcecode.c.h; path = NINonRetainingCollections.h; sourceTree = "<group>"; };
		F965A6221B7984E10044B795 /* NINonRetainingCollections.m */ = {isa = PBXFileReference; fileEncoding = 4; lastKnownFileType = sourcecode.c.objc; path = NINonRetainingCollections.m; sourceTree = "<group>"; };
		F965A6231B7984E10044B795 /* NIOperations+Subclassing.h */ = {isa = PBXFileReference; fileEncoding = 4; lastKnownFileType = sourcecode.c.h; path = "NIOperations+Subclassing.h"; sourceTree = "<group>"; };
		F965A6241B7984E10044B795 /* NIOperations.h */ = {isa = PBXFileReference; fileEncoding = 4; lastKnownFileType = sourcecode.c.h; path = NIOperations.h; sourceTree = "<group>"; };
		F965A6251B7984E10044B795 /* NIOperations.m */ = {isa = PBXFileReference; fileEncoding = 4; lastKnownFileType = sourcecode.c.objc; path = NIOperations.m; sourceTree = "<group>"; };
		F965A6261B7984E10044B795 /* NIPaths.h */ = {isa = PBXFileReference; fileEncoding = 4; lastKnownFileType = sourcecode.c.h; path = NIPaths.h; sourceTree = "<group>"; };
		F965A6271B7984E10044B795 /* NIPaths.m */ = {isa = PBXFileReference; fileEncoding = 4; lastKnownFileType = sourcecode.c.objc; path = NIPaths.m; sourceTree = "<group>"; };
		F965A6281B7984E10044B795 /* NIPreprocessorMacros.h */ = {isa = PBXFileReference; fileEncoding = 4; lastKnownFileType = sourcecode.c.h; path = NIPreprocessorMacros.h; sourceTree = "<group>"; };
		F965A6291B7984E10044B795 /* NIRuntimeClassModifications.h */ = {isa = PBXFileReference; fileEncoding = 4; lastKnownFileType = sourcecode.c.h; path = NIRuntimeClassModifications.h; sourceTree = "<group>"; };
		F965A62A1B7984E10044B795 /* NIRuntimeClassModifications.m */ = {isa = PBXFileReference; fileEncoding = 4; lastKnownFileType = sourcecode.c.objc; path = NIRuntimeClassModifications.m; sourceTree = "<group>"; };
		F965A62B1B7984E10044B795 /* NISDKAvailability.h */ = {isa = PBXFileReference; fileEncoding = 4; lastKnownFileType = sourcecode.c.h; path = NISDKAvailability.h; sourceTree = "<group>"; };
		F965A62C1B7984E10044B795 /* NISDKAvailability.m */ = {isa = PBXFileReference; fileEncoding = 4; lastKnownFileType = sourcecode.c.objc; path = NISDKAvailability.m; sourceTree = "<group>"; };
		F965A62D1B7984E10044B795 /* NISnapshotRotation.h */ = {isa = PBXFileReference; fileEncoding = 4; lastKnownFileType = sourcecode.c.h; path = NISnapshotRotation.h; sourceTree = "<group>"; };
		F965A62E1B7984E10044B795 /* NISnapshotRotation.m */ = {isa = PBXFileReference; fileEncoding = 4; lastKnownFileType = sourcecode.c.objc; path = NISnapshotRotation.m; sourceTree = "<group>"; };
		F965A62F1B7984E10044B795 /* NIState.h */ = {isa = PBXFileReference; fileEncoding = 4; lastKnownFileType = sourcecode.c.h; path = NIState.h; sourceTree = "<group>"; };
		F965A6301B7984E10044B795 /* NIState.m */ = {isa = PBXFileReference; fileEncoding = 4; lastKnownFileType = sourcecode.c.objc; path = NIState.m; sourceTree = "<group>"; };
		F965A6311B7984E10044B795 /* NIViewRecycler.h */ = {isa = PBXFileReference; fileEncoding = 4; lastKnownFileType = sourcecode.c.h; path = NIViewRecycler.h; sourceTree = "<group>"; };
		F965A6321B7984E10044B795 /* NIViewRecycler.m */ = {isa = PBXFileReference; fileEncoding = 4; lastKnownFileType = sourcecode.c.objc; path = NIViewRecycler.m; sourceTree = "<group>"; };
		F965A6331B7984E10044B795 /* UIResponder+NimbusCore.h */ = {isa = PBXFileReference; fileEncoding = 4; lastKnownFileType = sourcecode.c.h; path = "UIResponder+NimbusCore.h"; sourceTree = "<group>"; };
		F965A6341B7984E10044B795 /* UIResponder+NimbusCore.m */ = {isa = PBXFileReference; fileEncoding = 4; lastKnownFileType = sourcecode.c.objc; path = "UIResponder+NimbusCore.m"; sourceTree = "<group>"; };
/* End PBXFileReference section */

/* Begin PBXFrameworksBuildPhase section */
		F965A5CC1B79849C0044B795 /* Frameworks */ = {
			isa = PBXFrameworksBuildPhase;
			buildActionMask = 2147483647;
			files = (
			);
			runOnlyForDeploymentPostprocessing = 0;
		};
		F965A5E51B79849C0044B795 /* Frameworks */ = {
			isa = PBXFrameworksBuildPhase;
			buildActionMask = 2147483647;
			files = (
			);
			runOnlyForDeploymentPostprocessing = 0;
		};
/* End PBXFrameworksBuildPhase section */

/* Begin PBXGroup section */
		F965A5C61B79849C0044B795 = {
			isa = PBXGroup;
			children = (
				F965A5D11B79849C0044B795 /* NIAttributedLabel */,
				F965A5EB1B79849C0044B795 /* NIAttributedLabelTests */,
				F965A5D01B79849C0044B795 /* Products */,
			);
			sourceTree = "<group>";
		};
		F965A5D01B79849C0044B795 /* Products */ = {
			isa = PBXGroup;
			children = (
				F965A5CF1B79849C0044B795 /* NIAttributedLabel.app */,
				F965A5E81B79849C0044B795 /* NIAttributedLabelTests.xctest */,
			);
			name = Products;
			sourceTree = "<group>";
		};
		F965A5D11B79849C0044B795 /* NIAttributedLabel */ = {
			isa = PBXGroup;
			children = (
				F965A5F81B7984E10044B795 /* libs */,
				F965A5D61B79849C0044B795 /* AppDelegate.h */,
				F965A5D71B79849C0044B795 /* AppDelegate.m */,
				F965A5D91B79849C0044B795 /* ViewController.h */,
				F965A5DA1B79849C0044B795 /* ViewController.m */,
				F965A5DC1B79849C0044B795 /* Main.storyboard */,
				F965A5DF1B79849C0044B795 /* Images.xcassets */,
				F965A5E11B79849C0044B795 /* LaunchScreen.xib */,
				F965A5D21B79849C0044B795 /* Supporting Files */,
			);
			path = NIAttributedLabel;
			sourceTree = "<group>";
		};
		F965A5D21B79849C0044B795 /* Supporting Files */ = {
			isa = PBXGroup;
			children = (
				F965A5D31B79849C0044B795 /* Info.plist */,
				F965A5D41B79849C0044B795 /* main.m */,
			);
			name = "Supporting Files";
			sourceTree = "<group>";
		};
		F965A5EB1B79849C0044B795 /* NIAttributedLabelTests */ = {
			isa = PBXGroup;
			children = (
				F965A5EE1B79849C0044B795 /* NIAttributedLabelTests.m */,
				F965A5EC1B79849C0044B795 /* Supporting Files */,
			);
			path = NIAttributedLabelTests;
			sourceTree = "<group>";
		};
		F965A5EC1B79849C0044B795 /* Supporting Files */ = {
			isa = PBXGroup;
			children = (
				F965A5ED1B79849C0044B795 /* Info.plist */,
			);
			name = "Supporting Files";
			sourceTree = "<group>";
		};
		F965A5F81B7984E10044B795 /* libs */ = {
			isa = PBXGroup;
			children = (
				F965A5F91B7984E10044B795 /* attributedlabel */,
				F965A5FF1B7984E10044B795 /* Badge */,
				F965A6031B7984E10044B795 /* core */,
			);
			path = libs;
			sourceTree = "<group>";
		};
		F965A5F91B7984E10044B795 /* attributedlabel */ = {
			isa = PBXGroup;
			children = (
				F965A5FA1B7984E10044B795 /* NIAttributedLabel.h */,
				F965A5FB1B7984E10044B795 /* NIAttributedLabel.m */,
				F965A5FC1B7984E10044B795 /* NimbusAttributedLabel.h */,
				F965A5FD1B7984E10044B795 /* NSMutableAttributedString+NimbusAttributedLabel.h */,
				F965A5FE1B7984E10044B795 /* NSMutableAttributedString+NimbusAttributedLabel.m */,
			);
			path = attributedlabel;
			sourceTree = "<group>";
		};
		F965A5FF1B7984E10044B795 /* Badge */ = {
			isa = PBXGroup;
			children = (
				F965A6001B7984E10044B795 /* NIBadgeView.h */,
				F965A6011B7984E10044B795 /* NIBadgeView.m */,
				F965A6021B7984E10044B795 /* NimbusBadge.h */,
			);
			path = Badge;
			sourceTree = "<group>";
		};
		F965A6031B7984E10044B795 /* core */ = {
			isa = PBXGroup;
			children = (
				F965A6041B7984E10044B795 /* NIActions+Subclassing.h */,
				F965A6051B7984E10044B795 /* NIActions.h */,
				F965A6061B7984E10044B795 /* NIActions.m */,
				F965A6071B7984E10044B795 /* NIButtonUtilities.h */,
				F965A6081B7984E10044B795 /* NIButtonUtilities.m */,
				F965A6091B7984E10044B795 /* NICommonMetrics.h */,
				F965A60A1B7984E10044B795 /* NICommonMetrics.m */,
				F965A60B1B7984E10044B795 /* NIDataStructures.h */,
				F965A60C1B7984E10044B795 /* NIDataStructures.m */,
				F965A60D1B7984E10044B795 /* NIDebuggingTools.h */,
				F965A60E1B7984E10044B795 /* NIDebuggingTools.m */,
				F965A60F1B7984E10044B795 /* NIDeviceOrientation.h */,
				F965A6101B7984E10044B795 /* NIDeviceOrientation.m */,
				F965A6111B7984E10044B795 /* NIError.h */,
				F965A6121B7984E10044B795 /* NIError.m */,
				F965A6131B7984E10044B795 /* NIFoundationMethods.h */,
				F965A6141B7984E10044B795 /* NIFoundationMethods.m */,
				F965A6151B7984E10044B795 /* NIImageUtilities.h */,
				F965A6161B7984E10044B795 /* NIImageUtilities.m */,
				F965A6171B7984E10044B795 /* NIInMemoryCache.h */,
				F965A6181B7984E10044B795 /* NIInMemoryCache.m */,
				F965A6191B7984E10044B795 /* NimbusCore+Additions.h */,
				F965A61A1B7984E10044B795 /* NimbusCore.h */,
				F965A61B1B7984E10044B795 /* NINavigationAppearance.h */,
				F965A61C1B7984E10044B795 /* NINavigationAppearance.m */,
				F965A61D1B7984E10044B795 /* NINetworkActivity.h */,
				F965A61E1B7984E10044B795 /* NINetworkActivity.m */,
				F965A61F1B7984E10044B795 /* NINonEmptyCollectionTesting.h */,
				F965A6201B7984E10044B795 /* NINonEmptyCollectionTesting.m */,
				F965A6211B7984E10044B795 /* NINonRetainingCollections.h */,
				F965A6221B7984E10044B795 /* NINonRetainingCollections.m */,
				F965A6231B7984E10044B795 /* NIOperations+Subclassing.h */,
				F965A6241B7984E10044B795 /* NIOperations.h */,
				F965A6251B7984E10044B795 /* NIOperations.m */,
				F965A6261B7984E10044B795 /* NIPaths.h */,
				F965A6271B7984E10044B795 /* NIPaths.m */,
				F965A6281B7984E10044B795 /* NIPreprocessorMacros.h */,
				F965A6291B7984E10044B795 /* NIRuntimeClassModifications.h */,
				F965A62A1B7984E10044B795 /* NIRuntimeClassModifications.m */,
				F965A62B1B7984E10044B795 /* NISDKAvailability.h */,
				F965A62C1B7984E10044B795 /* NISDKAvailability.m */,
				F965A62D1B7984E10044B795 /* NISnapshotRotation.h */,
				F965A62E1B7984E10044B795 /* NISnapshotRotation.m */,
				F965A62F1B7984E10044B795 /* NIState.h */,
				F965A6301B7984E10044B795 /* NIState.m */,
				F965A6311B7984E10044B795 /* NIViewRecycler.h */,
				F965A6321B7984E10044B795 /* NIViewRecycler.m */,
				F965A6331B7984E10044B795 /* UIResponder+NimbusCore.h */,
				F965A6341B7984E10044B795 /* UIResponder+NimbusCore.m */,
			);
			path = core;
			sourceTree = "<group>";
		};
/* End PBXGroup section */

/* Begin PBXNativeTarget section */
		F965A5CE1B79849C0044B795 /* NIAttributedLabel */ = {
			isa = PBXNativeTarget;
			buildConfigurationList = F965A5F21B79849C0044B795 /* Build configuration list for PBXNativeTarget "NIAttributedLabel" */;
			buildPhases = (
				F965A5CB1B79849C0044B795 /* Sources */,
				F965A5CC1B79849C0044B795 /* Frameworks */,
				F965A5CD1B79849C0044B795 /* Resources */,
			);
			buildRules = (
			);
			dependencies = (
			);
			name = NIAttributedLabel;
			productName = NIAttributedLabel;
			productReference = F965A5CF1B79849C0044B795 /* NIAttributedLabel.app */;
			productType = "com.apple.product-type.application";
		};
		F965A5E71B79849C0044B795 /* NIAttributedLabelTests */ = {
			isa = PBXNativeTarget;
			buildConfigurationList = F965A5F51B79849C0044B795 /* Build configuration list for PBXNativeTarget "NIAttributedLabelTests" */;
			buildPhases = (
				F965A5E41B79849C0044B795 /* Sources */,
				F965A5E51B79849C0044B795 /* Frameworks */,
				F965A5E61B79849C0044B795 /* Resources */,
			);
			buildRules = (
			);
			dependencies = (
				F965A5EA1B79849C0044B795 /* PBXTargetDependency */,
			);
			name = NIAttributedLabelTests;
			productName = NIAttributedLabelTests;
			productReference = F965A5E81B79849C0044B795 /* NIAttributedLabelTests.xctest */;
			productType = "com.apple.product-type.bundle.unit-test";
		};
/* End PBXNativeTarget section */

/* Begin PBXProject section */
		F965A5C71B79849C0044B795 /* Project object */ = {
			isa = PBXProject;
			attributes = {
				LastUpgradeCheck = 0640;
				ORGANIZATIONNAME = dasheng;
				TargetAttributes = {
					F965A5CE1B79849C0044B795 = {
						CreatedOnToolsVersion = 6.4;
					};
					F965A5E71B79849C0044B795 = {
						CreatedOnToolsVersion = 6.4;
						TestTargetID = F965A5CE1B79849C0044B795;
					};
				};
			};
			buildConfigurationList = F965A5CA1B79849C0044B795 /* Build configuration list for PBXProject "NIAttributedLabel" */;
			compatibilityVersion = "Xcode 3.2";
			developmentRegion = English;
			hasScannedForEncodings = 0;
			knownRegions = (
				en,
				Base,
			);
			mainGroup = F965A5C61B79849C0044B795;
			productRefGroup = F965A5D01B79849C0044B795 /* Products */;
			projectDirPath = "";
			projectRoot = "";
			targets = (
				F965A5CE1B79849C0044B795 /* NIAttributedLabel */,
				F965A5E71B79849C0044B795 /* NIAttributedLabelTests */,
			);
		};
/* End PBXProject section */

/* Begin PBXResourcesBuildPhase section */
		F965A5CD1B79849C0044B795 /* Resources */ = {
			isa = PBXResourcesBuildPhase;
			buildActionMask = 2147483647;
			files = (
				F965A5DE1B79849C0044B795 /* Main.storyboard in Resources */,
				F965A5E31B79849C0044B795 /* LaunchScreen.xib in Resources */,
				F965A5E01B79849C0044B795 /* Images.xcassets in Resources */,
			);
			runOnlyForDeploymentPostprocessing = 0;
		};
		F965A5E61B79849C0044B795 /* Resources */ = {
			isa = PBXResourcesBuildPhase;
			buildActionMask = 2147483647;
			files = (
			);
			runOnlyForDeploymentPostprocessing = 0;
		};
/* End PBXResourcesBuildPhase section */

/* Begin PBXSourcesBuildPhase section */
		F965A5CB1B79849C0044B795 /* Sources */ = {
			isa = PBXSourcesBuildPhase;
			buildActionMask = 2147483647;
			files = (
				F965A64B1B7984E10044B795 /* NIState.m in Sources */,
				F965A6401B7984E10044B795 /* NIImageUtilities.m in Sources */,
				F965A6441B7984E10044B795 /* NINonEmptyCollectionTesting.m in Sources */,
				F965A63C1B7984E10044B795 /* NIDebuggingTools.m in Sources */,
				F965A63B1B7984E10044B795 /* NIDataStructures.m in Sources */,
				F965A63E1B7984E10044B795 /* NIError.m in Sources */,
				F965A5DB1B79849C0044B795 /* ViewController.m in Sources */,
				F965A6371B7984E10044B795 /* NIBadgeView.m in Sources */,
				F965A6351B7984E10044B795 /* NIAttributedLabel.m in Sources */,
				F965A6451B7984E10044B795 /* NINonRetainingCollections.m in Sources */,
				F965A6411B7984E10044B795 /* NIInMemoryCache.m in Sources */,
				F965A5D81B79849C0044B795 /* AppDelegate.m in Sources */,
				F965A6361B7984E10044B795 /* NSMutableAttributedString+NimbusAttributedLabel.m in Sources */,
				F965A6421B7984E10044B795 /* NINavigationAppearance.m in Sources */,
				F965A63F1B7984E10044B795 /* NIFoundationMethods.m in Sources */,
				F965A63D1B7984E10044B795 /* NIDeviceOrientation.m in Sources */,
				F965A64A1B7984E10044B795 /* NISnapshotRotation.m in Sources */,
				F965A6471B7984E10044B795 /* NIPaths.m in Sources */,
				F965A6391B7984E10044B795 /* NIButtonUtilities.m in Sources */,
				F965A6481B7984E10044B795 /* NIRuntimeClassModifications.m in Sources */,
				F965A6491B7984E10044B795 /* NISDKAvailability.m in Sources */,
				F965A6461B7984E10044B795 /* NIOperations.m in Sources */,
				F965A6431B7984E10044B795 /* NINetworkActivity.m in Sources */,
				F965A5D51B79849C0044B795 /* main.m in Sources */,
				F965A6381B7984E10044B795 /* NIActions.m in Sources */,
				F965A64D1B7984E10044B795 /* UIResponder+NimbusCore.m in Sources */,
				F965A63A1B7984E10044B795 /* NICommonMetrics.m in Sources */,
				F965A64C1B7984E10044B795 /* NIViewRecycler.m in Sources */,
			);
			runOnlyForDeploymentPostprocessing = 0;
		};
		F965A5E41B79849C0044B795 /* Sources */ = {
			isa = PBXSourcesBuildPhase;
			buildActionMask = 2147483647;
			files = (
				F965A5EF1B79849C0044B795 /* NIAttributedLabelTests.m in Sources */,
			);
			runOnlyForDeploymentPostprocessing = 0;
		};
/* End PBXSourcesBuildPhase section */

/* Begin PBXTargetDependency section */
		F965A5EA1B79849C0044B795 /* PBXTargetDependency */ = {
			isa = PBXTargetDependency;
			target = F965A5CE1B79849C0044B795 /* NIAttributedLabel */;
			targetProxy = F965A5E91B79849C0044B795 /* PBXContainerItemProxy */;
		};
/* End PBXTargetDependency section */

/* Begin PBXVariantGroup section */
		F965A5DC1B79849C0044B795 /* Main.storyboard */ = {
			isa = PBXVariantGroup;
			children = (
				F965A5DD1B79849C0044B795 /* Base */,
			);
			name = Main.storyboard;
			sourceTree = "<group>";
		};
		F965A5E11B79849C0044B795 /* LaunchScreen.xib */ = {
			isa = PBXVariantGroup;
			children = (
				F965A5E21B79849C0044B795 /* Base */,
			);
			name = LaunchScreen.xib;
			sourceTree = "<group>";
		};
/* End PBXVariantGroup section */

/* Begin XCBuildConfiguration section */
		F965A5F01B79849C0044B795 /* Debug */ = {
			isa = XCBuildConfiguration;
			buildSettings = {
				ALWAYS_SEARCH_USER_PATHS = NO;
				CLANG_CXX_LANGUAGE_STANDARD = "gnu++0x";
				CLANG_CXX_LIBRARY = "libc++";
				CLANG_ENABLE_MODULES = YES;
				CLANG_ENABLE_OBJC_ARC = YES;
				CLANG_WARN_BOOL_CONVERSION = YES;
				CLANG_WARN_CONSTANT_CONVERSION = YES;
				CLANG_WARN_DIRECT_OBJC_ISA_USAGE = YES_ERROR;
				CLANG_WARN_EMPTY_BODY = YES;
				CLANG_WARN_ENUM_CONVERSION = YES;
				CLANG_WARN_INT_CONVERSION = YES;
				CLANG_WARN_OBJC_ROOT_CLASS = YES_ERROR;
				CLANG_WARN_UNREACHABLE_CODE = YES;
				CLANG_WARN__DUPLICATE_METHOD_MATCH = YES;
				"CODE_SIGN_IDENTITY[sdk=iphoneos*]" = "iPhone Developer";
				COPY_PHASE_STRIP = NO;
				DEBUG_INFORMATION_FORMAT = "dwarf-with-dsym";
				ENABLE_STRICT_OBJC_MSGSEND = YES;
				GCC_C_LANGUAGE_STANDARD = gnu99;
				GCC_DYNAMIC_NO_PIC = NO;
				GCC_NO_COMMON_BLOCKS = YES;
				GCC_OPTIMIZATION_LEVEL = 0;
				GCC_PREPROCESSOR_DEFINITIONS = (
					"DEBUG=1",
					"$(inherited)",
				);
				GCC_SYMBOLS_PRIVATE_EXTERN = NO;
				GCC_WARN_64_TO_32_BIT_CONVERSION = YES;
				GCC_WARN_ABOUT_RETURN_TYPE = YES_ERROR;
				GCC_WARN_UNDECLARED_SELECTOR = YES;
				GCC_WARN_UNINITIALIZED_AUTOS = YES_AGGRESSIVE;
				GCC_WARN_UNUSED_FUNCTION = YES;
				GCC_WARN_UNUSED_VARIABLE = YES;
				IPHONEOS_DEPLOYMENT_TARGET = 8.4;
				MTL_ENABLE_DEBUG_INFO = YES;
				ONLY_ACTIVE_ARCH = YES;
				SDKROOT = iphoneos;
				TARGETED_DEVICE_FAMILY = "1,2";
			};
			name = Debug;
		};
		F965A5F11B79849C0044B795 /* Release */ = {
			isa = XCBuildConfiguration;
			buildSettings = {
				ALWAYS_SEARCH_USER_PATHS = NO;
				CLANG_CXX_LANGUAGE_STANDARD = "gnu++0x";
				CLANG_CXX_LIBRARY = "libc++";
				CLANG_ENABLE_MODULES = YES;
				CLANG_ENABLE_OBJC_ARC = YES;
				CLANG_WARN_BOOL_CONVERSION = YES;
				CLANG_WARN_CONSTANT_CONVERSION = YES;
				CLANG_WARN_DIRECT_OBJC_ISA_USAGE = YES_ERROR;
				CLANG_WARN_EMPTY_BODY = YES;
				CLANG_WARN_ENUM_CONVERSION = YES;
				CLANG_WARN_INT_CONVERSION = YES;
				CLANG_WARN_OBJC_ROOT_CLASS = YES_ERROR;
				CLANG_WARN_UNREACHABLE_CODE = YES;
				CLANG_WARN__DUPLICATE_METHOD_MATCH = YES;
				"CODE_SIGN_IDENTITY[sdk=iphoneos*]" = "iPhone Developer";
				COPY_PHASE_STRIP = NO;
				DEBUG_INFORMATION_FORMAT = "dwarf-with-dsym";
				ENABLE_NS_ASSERTIONS = NO;
				ENABLE_STRICT_OBJC_MSGSEND = YES;
				GCC_C_LANGUAGE_STANDARD = gnu99;
				GCC_NO_COMMON_BLOCKS = YES;
				GCC_WARN_64_TO_32_BIT_CONVERSION = YES;
				GCC_WARN_ABOUT_RETURN_TYPE = YES_ERROR;
				GCC_WARN_UNDECLARED_SELECTOR = YES;
				GCC_WARN_UNINITIALIZED_AUTOS = YES_AGGRESSIVE;
				GCC_WARN_UNUSED_FUNCTION = YES;
				GCC_WARN_UNUSED_VARIABLE = YES;
				IPHONEOS_DEPLOYMENT_TARGET = 8.4;
				MTL_ENABLE_DEBUG_INFO = NO;
				SDKROOT = iphoneos;
				TARGETED_DEVICE_FAMILY = "1,2";
				VALIDATE_PRODUCT = YES;
			};
			name = Release;
		};
		F965A5F31B79849C0044B795 /* Debug */ = {
			isa = XCBuildConfiguration;
			buildSettings = {
				ASSETCATALOG_COMPILER_APPICON_NAME = AppIcon;
				INFOPLIST_FILE = NIAttributedLabel/Info.plist;
				LD_RUNPATH_SEARCH_PATHS = "$(inherited) @executable_path/Frameworks";
				PRODUCT_NAME = "$(TARGET_NAME)";
			};
			name = Debug;
		};
		F965A5F41B79849C0044B795 /* Release */ = {
			isa = XCBuildConfiguration;
			buildSettings = {
				ASSETCATALOG_COMPILER_APPICON_NAME = AppIcon;
				INFOPLIST_FILE = NIAttributedLabel/Info.plist;
				LD_RUNPATH_SEARCH_PATHS = "$(inherited) @executable_path/Frameworks";
				PRODUCT_NAME = "$(TARGET_NAME)";
			};
			name = Release;
		};
		F965A5F61B79849C0044B795 /* Debug */ = {
			isa = XCBuildConfiguration;
			buildSettings = {
				BUNDLE_LOADER = "$(TEST_HOST)";
				FRAMEWORK_SEARCH_PATHS = (
					"$(SDKROOT)/Developer/Library/Frameworks",
					"$(inherited)",
				);
				GCC_PREPROCESSOR_DEFINITIONS = (
					"DEBUG=1",
					"$(inherited)",
				);
				INFOPLIST_FILE = NIAttributedLabelTests/Info.plist;
				LD_RUNPATH_SEARCH_PATHS = "$(inherited) @executable_path/Frameworks @loader_path/Frameworks";
				PRODUCT_NAME = "$(TARGET_NAME)";
				TEST_HOST = "$(BUILT_PRODUCTS_DIR)/NIAttributedLabel.app/NIAttributedLabel";
			};
			name = Debug;
		};
		F965A5F71B79849C0044B795 /* Release */ = {
			isa = XCBuildConfiguration;
			buildSettings = {
				BUNDLE_LOADER = "$(TEST_HOST)";
				FRAMEWORK_SEARCH_PATHS = (
					"$(SDKROOT)/Developer/Library/Frameworks",
					"$(inherited)",
				);
				INFOPLIST_FILE = NIAttributedLabelTests/Info.plist;
				LD_RUNPATH_SEARCH_PATHS = "$(inherited) @executable_path/Frameworks @loader_path/Frameworks";
				PRODUCT_NAME = "$(TARGET_NAME)";
				TEST_HOST = "$(BUILT_PRODUCTS_DIR)/NIAttributedLabel.app/NIAttributedLabel";
			};
			name = Release;
		};
/* End XCBuildConfiguration section */

/* Begin XCConfigurationList section */
		F965A5CA1B79849C0044B795 /* Build configuration list for PBXProject "NIAttributedLabel" */ = {
			isa = XCConfigurationList;
			buildConfigurations = (
				F965A5F01B79849C0044B795 /* Debug */,
				F965A5F11B79849C0044B795 /* Release */,
			);
			defaultConfigurationIsVisible = 0;
			defaultConfigurationName = Release;
		};
		F965A5F21B79849C0044B795 /* Build configuration list for PBXNativeTarget "NIAttributedLabel" */ = {
			isa = XCConfigurationList;
			buildConfigurations = (
				F965A5F31B79849C0044B795 /* Debug */,
				F965A5F41B79849C0044B795 /* Release */,
			);
			defaultConfigurationIsVisible = 0;
		};
		F965A5F51B79849C0044B795 /* Build configuration list for PBXNativeTarget "NIAttributedLabelTests" */ = {
			isa = XCConfigurationList;
			buildConfigurations = (
				F965A5F61B79849C0044B795 /* Debug */,
				F965A5F71B79849C0044B795 /* Release */,
			);
			defaultConfigurationIsVisible = 0;
		};
/* End XCConfigurationList section */
	};
	rootObject = F965A5C71B79849C0044B795 /* Project object */;
}
